
Microsoft Visual Studio Solution File, Format Version 12.00
# Visual Studio Version 16
VisualStudioVersion = 16.0.31729.503
MinimumVisualStudioVersion = 10.0.40219.1
Project("{FAE04EC0-301F-11D3-BF4B-00C04F79EFBC}") = "Products.API", "Products.API\Products.API.csproj", "{7E10787F-28F4-403A-B975-EA863F500704}"
EndProject
Project("{FAE04EC0-301F-11D3-BF4B-00C04F79EFBC}") = "IdentityServer", "IdentityServer\IdentityServer.csproj", "{ACCA3C65-E407-42A2-8C63-974576FF689B}"
EndProject
Global
	GlobalSection(SolutionConfigurationPlatforms) = preSolution
		Debug|Any CPU = Debug|Any CPU
		Release|Any CPU = Release|Any CPU
	EndGlobalSection
	GlobalSection(ProjectConfigurationPlatforms) = postSolution
		{7E10787F-28F4-403A-B975-EA863F500704}.Debug|Any CPU.ActiveCfg = Debug|Any CPU
		{7E10787F-28F4-403A-B975-EA863F500704}.Debug|Any CPU.Build.0 = Debug|Any CPU
		{7E10787F-28F4-403A-B975-EA863F500704}.Release|Any CPU.ActiveCfg = Release|Any CPU
		{7E10787F-28F4-403A-B975-EA863F500704}.Release|Any CPU.Build.0 = Release|Any CPU
		{ACCA3C65-E407-42A2-8C63-974576FF689B}.Debug|Any CPU.ActiveCfg = Debug|Any CPU
		{ACCA3C65-E407-42A2-8C63-974576FF689B}.Debug|Any CPU.Build.0 = Debug|Any CPU
		{ACCA3C65-E407-42A2-8C63-974576FF689B}.Release|Any CPU.ActiveCfg = Release|Any CPU
		{ACCA3C65-E407-42A2-8C63-974576FF689B}.Release|Any CPU.Build.0 = Release|Any CPU
	EndGlobalSection
	GlobalSection(SolutionProperties) = preSolution
		HideSolutionNode = FALSE
	EndGlobalSection
	GlobalSection(ExtensibilityGlobals) = postSolution
		SolutionGuid = {CF6056EE-963F-4817-9BC4-C9C2BAFA6A51}
	EndGlobalSection
EndGlobal
